
Microsoft Visual Studio Solution File, Format Version 12.00
# Visual Studio Version 16
VisualStudioVersion = 16.0.30804.86
MinimumVisualStudioVersion = 10.0.40219.1
Project("{FAE04EC0-301F-11D3-BF4B-00C04F79EFBC}") = "ConoceMexico.Android", "XamOctanePlayer\XamOctanePlayer.Android\ConoceMexico.Android.csproj", "{326C9BD0-EA8F-4DD1-ACFD-C2B6AF722038}"
EndProject
Project("{9A19103F-16F7-4668-BE54-9A1E7A4F7556}") = "ProyectoEx", "XamOctanePlayer\XamOctanePlayer\ProyectoEx.csproj", "{26D585A6-FD6D-473A-9402-DC02CBC68DED}"
EndProject
Global
	GlobalSection(SolutionConfigurationPlatforms) = preSolution
		Ad-Hoc|Any CPU = Ad-Hoc|Any CPU
		Ad-Hoc|iPhone = Ad-Hoc|iPhone
		Ad-Hoc|iPhoneSimulator = Ad-Hoc|iPhoneSimulator
		AppStore|Any CPU = AppStore|Any CPU
		AppStore|iPhone = AppStore|iPhone
		AppStore|iPhoneSimulator = AppStore|iPhoneSimulator
		Debug|Any CPU = Debug|Any CPU
		Debug|iPhone = Debug|iPhone
		Debug|iPhoneSimulator = Debug|iPhoneSimulator
		Release|Any CPU = Release|Any CPU
		Release|iPhone = Release|iPhone
		Release|iPhoneSimulator = Release|iPhoneSimulator
	EndGlobalSection
	GlobalSection(ProjectConfigurationPlatforms) = postSolution
		{326C9BD0-EA8F-4DD1-ACFD-C2B6AF722038}.Ad-Hoc|Any CPU.ActiveCfg = Release|Any CPU
		{326C9BD0-EA8F-4DD1-ACFD-C2B6AF722038}.Ad-Hoc|Any CPU.Build.0 = Release|Any CPU
		{326C9BD0-EA8F-4DD1-ACFD-C2B6AF722038}.Ad-Hoc|Any CPU.Deploy.0 = Release|Any CPU
		{326C9BD0-EA8F-4DD1-ACFD-C2B6AF722038}.Ad-Hoc|iPhone.ActiveCfg = Release|Any CPU
		{326C9BD0-EA8F-4DD1-ACFD-C2B6AF722038}.Ad-Hoc|iPhone.Build.0 = Release|Any CPU
		{326C9BD0-EA8F-4DD1-ACFD-C2B6AF722038}.Ad-Hoc|iPhone.Deploy.0 = Release|Any CPU
		{326C9BD0-EA8F-4DD1-ACFD-C2B6AF722038}.Ad-Hoc|iPhoneSimulator.ActiveCfg = Release|Any CPU
		{326C9BD0-EA8F-4DD1-ACFD-C2B6AF722038}.Ad-Hoc|iPhoneSimulator.Build.0 = Release|Any CPU
		{326C9BD0-EA8F-4DD1-ACFD-C2B6AF722038}.Ad-Hoc|iPhoneSimulator.Deploy.0 = Release|Any CPU
		{326C9BD0-EA8F-4DD1-ACFD-C2B6AF722038}.AppStore|Any CPU.ActiveCfg = Release|Any CPU
		{326C9BD0-EA8F-4DD1-ACFD-C2B6AF722038}.AppStore|Any CPU.Build.0 = Release|Any CPU
		{326C9BD0-EA8F-4DD1-ACFD-C2B6AF722038}.AppStore|Any CPU.Deploy.0 = Release|Any CPU
		{326C9BD0-EA8F-4DD1-ACFD-C2B6AF722038}.AppStore|iPhone.ActiveCfg = Release|Any CPU
		{326C9BD0-EA8F-4DD1-ACFD-C2B6AF722038}.AppStore|iPhone.Build.0 = Release|Any CPU
		{326C9BD0-EA8F-4DD1-ACFD-C2B6AF722038}.AppStore|iPhone.Deploy.0 = Release|Any CPU
		{326C9BD0-EA8F-4DD1-ACFD-C2B6AF722038}.AppStore|iPhoneSimulator.ActiveCfg = Release|Any CPU
		{326C9BD0-EA8F-4DD1-ACFD-C2B6AF722038}.AppStore|iPhoneSimulator.Build.0 = Release|Any CPU
		{326C9BD0-EA8F-4DD1-ACFD-C2B6AF722038}.AppStore|iPhoneSimulator.Deploy.0 = Release|Any CPU
		{326C9BD0-EA8F-4DD1-ACFD-C2B6AF722038}.Debug|Any CPU.ActiveCfg = Debug|Any CPU
		{326C9BD0-EA8F-4DD1-ACFD-C2B6AF722038}.Debug|Any CPU.Build.0 = Debug|Any CPU
		{326C9BD0-EA8F-4DD1-ACFD-C2B6AF722038}.Debug|Any CPU.Deploy.0 = Debug|Any CPU
		{326C9BD0-EA8F-4DD1-ACFD-C2B6AF722038}.Debug|iPhone.ActiveCfg = Debug|Any CPU
		{326C9BD0-EA8F-4DD1-ACFD-C2B6AF722038}.Debug|iPhone.Build.0 = Debug|Any CPU
		{326C9BD0-EA8F-4DD1-ACFD-C2B6AF722038}.Debug|iPhone.Deploy.0 = Debug|Any CPU
		{326C9BD0-EA8F-4DD1-ACFD-C2B6AF722038}.Debug|iPhoneSimulator.ActiveCfg = Debug|Any CPU
		{326C9BD0-EA8F-4DD1-ACFD-C2B6AF722038}.Debug|iPhoneSimulator.Build.0 = Debug|Any CPU
		{326C9BD0-EA8F-4DD1-ACFD-C2B6AF722038}.Debug|iPhoneSimulator.Deploy.0 = Debug|Any CPU
		{326C9BD0-EA8F-4DD1-ACFD-C2B6AF722038}.Release|Any CPU.ActiveCfg = Release|Any CPU
		{326C9BD0-EA8F-4DD1-ACFD-C2B6AF722038}.Release|Any CPU.Build.0 = Release|Any CPU
		{326C9BD0-EA8F-4DD1-ACFD-C2B6AF722038}.Release|Any CPU.Deploy.0 = Release|Any CPU
		{326C9BD0-EA8F-4DD1-ACFD-C2B6AF722038}.Release|iPhone.ActiveCfg = Release|Any CPU
		{326C9BD0-EA8F-4DD1-ACFD-C2B6AF722038}.Release|iPhone.Build.0 = Release|Any CPU
		{326C9BD0-EA8F-4DD1-ACFD-C2B6AF722038}.Release|iPhone.Deploy.0 = Release|Any CPU
		{326C9BD0-EA8F-4DD1-ACFD-C2B6AF722038}.Release|iPhoneSimulator.ActiveCfg = Release|Any CPU
		{326C9BD0-EA8F-4DD1-ACFD-C2B6AF722038}.Release|iPhoneSimulator.Build.0 = Release|Any CPU
		{326C9BD0-EA8F-4DD1-ACFD-C2B6AF722038}.Release|iPhoneSimulator.Deploy.0 = Release|Any CPU
		{26D585A6-FD6D-473A-9402-DC02CBC68DED}.Ad-Hoc|Any CPU.ActiveCfg = Debug|Any CPU
		{26D585A6-FD6D-473A-9402-DC02CBC68DED}.Ad-Hoc|Any CPU.Build.0 = Debug|Any CPU
		{26D585A6-FD6D-473A-9402-DC02CBC68DED}.Ad-Hoc|Any CPU.Deploy.0 = Debug|Any CPU
		{26D585A6-FD6D-473A-9402-DC02CBC68DED}.Ad-Hoc|iPhone.ActiveCfg = Debug|Any CPU
		{26D585A6-FD6D-473A-9402-DC02CBC68DED}.Ad-Hoc|iPhone.Build.0 = Debug|Any CPU
		{26D585A6-FD6D-473A-9402-DC02CBC68DED}.Ad-Hoc|iPhone.Deploy.0 = Debug|Any CPU
		{26D585A6-FD6D-473A-9402-DC02CBC68DED}.Ad-Hoc|iPhoneSimulator.ActiveCfg = Debug|Any CPU
		{26D585A6-FD6D-473A-9402-DC02CBC68DED}.Ad-Hoc|iPhoneSimulator.Build.0 = Debug|Any CPU
		{26D585A6-FD6D-473A-9402-DC02CBC68DED}.Ad-Hoc|iPhoneSimulator.Deploy.0 = Debug|Any CPU
		{26D585A6-FD6D-473A-9402-DC02CBC68DED}.AppStore|Any CPU.ActiveCfg = Debug|Any CPU
		{26D585A6-FD6D-473A-9402-DC02CBC68DED}.AppStore|Any CPU.Build.0 = Debug|Any CPU
		{26D585A6-FD6D-473A-9402-DC02CBC68DED}.AppStore|Any CPU.Deploy.0 = Debug|Any CPU
		{26D585A6-FD6D-473A-9402-DC02CBC68DED}.AppStore|iPhone.ActiveCfg = Debug|Any CPU
		{26D585A6-FD6D-473A-9402-DC02CBC68DED}.AppStore|iPhone.Build.0 = Debug|Any CPU
		{26D585A6-FD6D-473A-9402-DC02CBC68DED}.AppStore|iPhone.Deploy.0 = Debug|Any CPU
		{26D585A6-FD6D-473A-9402-DC02CBC68DED}.AppStore|iPhoneSimulator.ActiveCfg = Debug|Any CPU
		{26D585A6-FD6D-473A-9402-DC02CBC68DED}.AppStore|iPhoneSimulator.Build.0 = Debug|Any CPU
		{26D585A6-FD6D-473A-9402-DC02CBC68DED}.AppStore|iPhoneSimulator.Deploy.0 = Debug|Any CPU
		{26D585A6-FD6D-473A-9402-DC02CBC68DED}.Debug|Any CPU.ActiveCfg = Debug|Any CPU
		{26D585A6-FD6D-473A-9402-DC02CBC68DED}.Debug|Any CPU.Build.0 = Debug|Any CPU
		{26D585A6-FD6D-473A-9402-DC02CBC68DED}.Debug|Any CPU.Deploy.0 = Debug|Any CPU
		{26D585A6-FD6D-473A-9402-DC02CBC68DED}.Debug|iPhone.ActiveCfg = Debug|Any CPU
		{26D585A6-FD6D-473A-9402-DC02CBC68DED}.Debug|iPhone.Build.0 = Debug|Any CPU
		{26D585A6-FD6D-473A-9402-DC02CBC68DED}.Debug|iPhone.Deploy.0 = Debug|Any CPU
		{26D585A6-FD6D-473A-9402-DC02CBC68DED}.Debug|iPhoneSimulator.ActiveCfg = Debug|Any CPU
		{26D585A6-FD6D-473A-9402-DC02CBC68DED}.Debug|iPhoneSimulator.Build.0 = Debug|Any CPU
		{26D585A6-FD6D-473A-9402-DC02CBC68DED}.Debug|iPhoneSimulator.Deploy.0 = Debug|Any CPU
		{26D585A6-FD6D-473A-9402-DC02CBC68DED}.Release|Any CPU.ActiveCfg = Release|Any CPU
		{26D585A6-FD6D-473A-9402-DC02CBC68DED}.Release|Any CPU.Build.0 = Release|Any CPU
		{26D585A6-FD6D-473A-9402-DC02CBC68DED}.Release|Any CPU.Deploy.0 = Release|Any CPU
		{26D585A6-FD6D-473A-9402-DC02CBC68DED}.Release|iPhone.ActiveCfg = Release|Any CPU
		{26D585A6-FD6D-473A-9402-DC02CBC68DED}.Release|iPhone.Build.0 = Release|Any CPU
		{26D585A6-FD6D-473A-9402-DC02CBC68DED}.Release|iPhone.Deploy.0 = Release|Any CPU
		{26D585A6-FD6D-473A-9402-DC02CBC68DED}.Release|iPhoneSimulator.ActiveCfg = Release|Any CPU
		{26D585A6-FD6D-473A-9402-DC02CBC68DED}.Release|iPhoneSimulator.Build.0 = Release|Any CPU
		{26D585A6-FD6D-473A-9402-DC02CBC68DED}.Release|iPhoneSimulator.Deploy.0 = Release|Any CPU
	EndGlobalSection
	GlobalSection(SolutionProperties) = preSolution
		HideSolutionNode = FALSE
	EndGlobalSection
	GlobalSection(ExtensibilityGlobals) = postSolution
		SolutionGuid = {A8A6D2C6-FFE7-4B68-9D5F-F87225335C84}
	EndGlobalSection
EndGlobal
